{
  "name": "project-ex03",
  "version": "1.0.0",
  "lockfileVersion": 2,
  "requires": true,
  "packages": {
    "": {
      "name": "project-ex03",
      "version": "1.0.0",
      "license": "ISC",
      "dependencies": {
        "douzone-soottoppi-math": "^1.0.0"
      }
    },
    "node_modules/douzone-soottoppi-math": {
      "version": "1.0.0",
      "resolved": "https://registry.npmjs.org/douzone-soottoppi-math/-/douzone-soottoppi-math-1.0.0.tgz",
      "integrity": "sha512-dJKIq2wlDTfxZTybE182K9vmAtTSdLg0fNvZ4N6zyQK+NPTnAE07X23ab28KKaaA5lp97zyAjdqzDWmnT5QUhw=="
    }
  },
  "dependencies": {
    "douzone-soottoppi-math": {
      "version": "1.0.0",
      "resolved": "https://registry.npmjs.org/douzone-soottoppi-math/-/douzone-soottoppi-math-1.0.0.tgz",
      "integrity": "sha512-dJKIq2wlDTfxZTybE182K9vmAtTSdLg0fNvZ4N6zyQK+NPTnAE07X23ab28KKaaA5lp97zyAjdqzDWmnT5QUhw=="
    }
  }
}
